// !$*UTF8*$!
{
	archiveVersion = 1;
	classes = {
	};
	objectVersion = 46;
	objects = {

/* Begin PBXBuildFile section */
		185ADD401A5E6F71000465B5 /* FMDatabaseAdditions.m in Sources */ = {isa = PBXBuildFile; fileRef = 185ADD191A5E6F71000465B5 /* FMDatabaseAdditions.m */; };
		185ADD411A5E6F71000465B5 /* RYFMDatabase.m in Sources */ = {isa = PBXBuildFile; fileRef = 185ADD1B1A5E6F71000465B5 /* RYFMDatabase.m */; };
		185ADD421A5E6F71000465B5 /* RYFMDatabasePool.m in Sources */ = {isa = PBXBuildFile; fileRef = 185ADD1D1A5E6F71000465B5 /* RYFMDatabasePool.m */; };
		185ADD431A5E6F71000465B5 /* RYFMDatabaseQueue.m in Sources */ = {isa = PBXBuildFile; fileRef = 185ADD1F1A5E6F71000465B5 /* RYFMDatabaseQueue.m */; };
		185ADD441A5E6F71000465B5 /* RYFMResultSet.m in Sources */ = {isa = PBXBuildFile; fileRef = 185ADD211A5E6F71000465B5 /* RYFMResultSet.m */; };
		185ADD451A5E6F71000465B5 /* NSObject+SBJSON.m in Sources */ = {isa = PBXBuildFile; fileRef = 185ADD251A5E6F71000465B5 /* NSObject+SBJSON.m */; };
		185ADD461A5E6F71000465B5 /* NSString+SBJSON.m in Sources */ = {isa = PBXBuildFile; fileRef = 185ADD271A5E6F71000465B5 /* NSString+SBJSON.m */; };
		185ADD471A5E6F71000465B5 /* RYSBJSON.m in Sources */ = {isa = PBXBuildFile; fileRef = 185ADD291A5E6F71000465B5 /* RYSBJSON.m */; };
		185ADD481A5E6F71000465B5 /* RYSBJsonBase.m in Sources */ = {isa = PBXBuildFile; fileRef = 185ADD2B1A5E6F71000465B5 /* RYSBJsonBase.m */; };
		185ADD491A5E6F71000465B5 /* RYSBJsonParser.m in Sources */ = {isa = PBXBuildFile; fileRef = 185ADD2D1A5E6F71000465B5 /* RYSBJsonParser.m */; };
		185ADD4A1A5E6F71000465B5 /* RYSBJsonWriter.m in Sources */ = {isa = PBXBuildFile; fileRef = 185ADD2F1A5E6F71000465B5 /* RYSBJsonWriter.m */; };
		185ADD4C1A5E6F71000465B5 /* RYSSKeychain.m in Sources */ = {isa = PBXBuildFile; fileRef = 185ADD351A5E6F71000465B5 /* RYSSKeychain.m */; };
		185ADD4D1A5E6F71000465B5 /* OpenUDIDSDK.m in Sources */ = {isa = PBXBuildFile; fileRef = 185ADD381A5E6F71000465B5 /* OpenUDIDSDK.m */; };
		185ADD4E1A5E6F71000465B5 /* RYReachabilitysdk.m in Sources */ = {isa = PBXBuildFile; fileRef = 185ADD3B1A5E6F71000465B5 /* RYReachabilitysdk.m */; };
		185F28951A4CF62900EE29B3 /* ChannelDataBase.m in Sources */ = {isa = PBXBuildFile; fileRef = 185F28941A4CF62900EE29B3 /* ChannelDataBase.m */; };
		C55EACDF1A41A236008F2BCE /* ReYunChannel.h in CopyFiles */ = {isa = PBXBuildFile; fileRef = C55EACDE1A41A236008F2BCE /* ReYunChannel.h */; };
		C55EACE11A41A236008F2BCE /* ReYunChannel.m in Sources */ = {isa = PBXBuildFile; fileRef = C55EACE01A41A236008F2BCE /* ReYunChannel.m */; };
/* End PBXBuildFile section */

/* Begin PBXCopyFilesBuildPhase section */
		C55EACD91A41A236008F2BCE /* CopyFiles */ = {
			isa = PBXCopyFilesBuildPhase;
			buildActionMask = 2147483647;
			dstPath = "include/$(PRODUCT_NAME)";
			dstSubfolderSpec = 16;
			files = (
				C55EACDF1A41A236008F2BCE /* ReYunChannel.h in CopyFiles */,
			);
			runOnlyForDeploymentPostprocessing = 0;
		};
/* End PBXCopyFilesBuildPhase section */

/* Begin PBXFileReference section */
		185ADD181A5E6F71000465B5 /* FMDatabaseAdditions.h */ = {isa = PBXFileReference; fileEncoding = 4; lastKnownFileType = sourcecode.c.h; path = FMDatabaseAdditions.h; sourceTree = "<group>"; };
		185ADD191A5E6F71000465B5 /* FMDatabaseAdditions.m */ = {isa = PBXFileReference; fileEncoding = 4; lastKnownFileType = sourcecode.c.objc; path = FMDatabaseAdditions.m; sourceTree = "<group>"; };
		185ADD1A1A5E6F71000465B5 /* RYFMDatabase.h */ = {isa = PBXFileReference; fileEncoding = 4; lastKnownFileType = sourcecode.c.h; path = RYFMDatabase.h; sourceTree = "<group>"; };
		185ADD1B1A5E6F71000465B5 /* RYFMDatabase.m */ = {isa = PBXFileReference; fileEncoding = 4; lastKnownFileType = sourcecode.c.objc; path = RYFMDatabase.m; sourceTree = "<group>"; };
		185ADD1C1A5E6F71000465B5 /* RYFMDatabasePool.h */ = {isa = PBXFileReference; fileEncoding = 4; lastKnownFileType = sourcecode.c.h; path = RYFMDatabasePool.h; sourceTree = "<group>"; };
		185ADD1D1A5E6F71000465B5 /* RYFMDatabasePool.m */ = {isa = PBXFileReference; fileEncoding = 4; lastKnownFileType = sourcecode.c.objc; path = RYFMDatabasePool.m; sourceTree = "<group>"; };
		185ADD1E1A5E6F71000465B5 /* RYFMDatabaseQueue.h */ = {isa = PBXFileReference; fileEncoding = 4; lastKnownFileType = sourcecode.c.h; path = RYFMDatabaseQueue.h; sourceTree = "<group>"; };
		185ADD1F1A5E6F71000465B5 /* RYFMDatabaseQueue.m */ = {isa = PBXFileReference; fileEncoding = 4; lastKnownFileType = sourcecode.c.objc; path = RYFMDatabaseQueue.m; sourceTree = "<group>"; };
		185ADD201A5E6F71000465B5 /* RYFMResultSet.h */ = {isa = PBXFileReference; fileEncoding = 4; lastKnownFileType = sourcecode.c.h; path = RYFMResultSet.h; sourceTree = "<group>"; };
		185ADD211A5E6F71000465B5 /* RYFMResultSet.m */ = {isa = PBXFileReference; fileEncoding = 4; lastKnownFileType = sourcecode.c.objc; path = RYFMResultSet.m; sourceTree = "<group>"; };
		185ADD231A5E6F71000465B5 /* JSON.h */ = {isa = PBXFileReference; fileEncoding = 4; lastKnownFileType = sourcecode.c.h; path = JSON.h; sourceTree = "<group>"; };
		185ADD241A5E6F71000465B5 /* NSObject+SBJSON.h */ = {isa = PBXFileReference; fileEncoding = 4; lastKnownFileType = sourcecode.c.h; path = "NSObject+SBJSON.h"; sourceTree = "<group>"; };
		185ADD251A5E6F71000465B5 /* NSObject+SBJSON.m */ = {isa = PBXFileReference; fileEncoding = 4; lastKnownFileType = sourcecode.c.objc; path = "NSObject+SBJSON.m"; sourceTree = "<group>"; };
		185ADD261A5E6F71000465B5 /* NSString+SBJSON.h */ = {isa = PBXFileReference; fileEncoding = 4; lastKnownFileType = sourcecode.c.h; path = "NSString+SBJSON.h"; sourceTree = "<group>"; };
		185ADD271A5E6F71000465B5 /* NSString+SBJSON.m */ = {isa = PBXFileReference; fileEncoding = 4; lastKnownFileType = sourcecode.c.objc; path = "NSString+SBJSON.m"; sourceTree = "<group>"; };
		185ADD281A5E6F71000465B5 /* RYSBJSON.h */ = {isa = PBXFileReference; fileEncoding = 4; lastKnownFileType = sourcecode.c.h; path = RYSBJSON.h; sourceTree = "<group>"; };
		185ADD291A5E6F71000465B5 /* RYSBJSON.m */ = {isa = PBXFileReference; fileEncoding = 4; lastKnownFileType = sourcecode.c.objc; path = RYSBJSON.m; sourceTree = "<group>"; };
		185ADD2A1A5E6F71000465B5 /* RYSBJsonBase.h */ = {isa = PBXFileReference; fileEncoding = 4; lastKnownFileType = sourcecode.c.h; path = RYSBJsonBase.h; sourceTree = "<group>"; };
		185ADD2B1A5E6F71000465B5 /* RYSBJsonBase.m */ = {isa = PBXFileReference; fileEncoding = 4; lastKnownFileType = sourcecode.c.objc; path = RYSBJsonBase.m; sourceTree = "<group>"; };
		185ADD2C1A5E6F71000465B5 /* RYSBJsonParser.h */ = {isa = PBXFileReference; fileEncoding = 4; lastKnownFileType = sourcecode.c.h; path = RYSBJsonParser.h; sourceTree = "<group>"; };
		185ADD2D1A5E6F71000465B5 /* RYSBJsonParser.m */ = {isa = PBXFileReference; fileEncoding = 4; lastKnownFileType = sourcecode.c.objc; path = RYSBJsonParser.m; sourceTree = "<group>"; };
		185ADD2E1A5E6F71000465B5 /* RYSBJsonWriter.h */ = {isa = PBXFileReference; fileEncoding = 4; lastKnownFileType = sourcecode.c.h; path = RYSBJsonWriter.h; sourceTree = "<group>"; };
		185ADD2F1A5E6F71000465B5 /* RYSBJsonWriter.m */ = {isa = PBXFileReference; fileEncoding = 4; lastKnownFileType = sourcecode.c.objc; path = RYSBJsonWriter.m; sourceTree = "<group>"; };
		185ADD341A5E6F71000465B5 /* RYSSKeychain.h */ = {isa = PBXFileReference; fileEncoding = 4; lastKnownFileType = sourcecode.c.h; path = RYSSKeychain.h; sourceTree = "<group>"; };
		185ADD351A5E6F71000465B5 /* RYSSKeychain.m */ = {isa = PBXFileReference; fileEncoding = 4; lastKnownFileType = sourcecode.c.objc; path = RYSSKeychain.m; sourceTree = "<group>"; };
		185ADD371A5E6F71000465B5 /* OpenUDIDSDK.h */ = {isa = PBXFileReference; fileEncoding = 4; lastKnownFileType = sourcecode.c.h; path = OpenUDIDSDK.h; sourceTree = "<group>"; };
		185ADD381A5E6F71000465B5 /* OpenUDIDSDK.m */ = {isa = PBXFileReference; fileEncoding = 4; lastKnownFileType = sourcecode.c.objc; path = OpenUDIDSDK.m; sourceTree = "<group>"; };
		185ADD3A1A5E6F71000465B5 /* RYReachabilitysdk.h */ = {isa = PBXFileReference; fileEncoding = 4; lastKnownFileType = sourcecode.c.h; path = RYReachabilitysdk.h; sourceTree = "<group>"; };
		185ADD3B1A5E6F71000465B5 /* RYReachabilitysdk.m */ = {isa = PBXFileReference; fileEncoding = 4; lastKnownFileType = sourcecode.c.objc; path = RYReachabilitysdk.m; sourceTree = "<group>"; };
		185F28931A4CF62900EE29B3 /* ChannelDataBase.h */ = {isa = PBXFileReference; fileEncoding = 4; lastKnownFileType = sourcecode.c.h; path = ChannelDataBase.h; sourceTree = "<group>"; };
		185F28941A4CF62900EE29B3 /* ChannelDataBase.m */ = {isa = PBXFileReference; fileEncoding = 4; lastKnownFileType = sourcecode.c.objc; path = ChannelDataBase.m; sourceTree = "<group>"; };
		C55EACDB1A41A236008F2BCE /* libReYunChannel.a */ = {isa = PBXFileReference; explicitFileType = archive.ar; includeInIndex = 0; path = libReYunChannel.a; sourceTree = BUILT_PRODUCTS_DIR; };
		C55EACDE1A41A236008F2BCE /* ReYunChannel.h */ = {isa = PBXFileReference; lastKnownFileType = sourcecode.c.h; path = ReYunChannel.h; sourceTree = "<group>"; };
		C55EACE01A41A236008F2BCE /* ReYunChannel.m */ = {isa = PBXFileReference; lastKnownFileType = sourcecode.c.objc; path = ReYunChannel.m; sourceTree = "<group>"; };
/* End PBXFileReference section */

/* Begin PBXFrameworksBuildPhase section */
		C55EACD81A41A236008F2BCE /* Frameworks */ = {
			isa = PBXFrameworksBuildPhase;
			buildActionMask = 2147483647;
			files = (
			);
			runOnlyForDeploymentPostprocessing = 0;
		};
/* End PBXFrameworksBuildPhase section */

/* Begin PBXGroup section */
		185ADD131A5E6F71000465B5 /* RYlib */ = {
			isa = PBXGroup;
			children = (
				185ADD171A5E6F71000465B5 /* fmdb */,
				185ADD221A5E6F71000465B5 /* JSON */,
				185ADD331A5E6F71000465B5 /* keychain */,
				185ADD361A5E6F71000465B5 /* openudid */,
				185ADD391A5E6F71000465B5 /* reachability */,
			);
			path = RYlib;
			sourceTree = "<group>";
		};
		185ADD171A5E6F71000465B5 /* fmdb */ = {
			isa = PBXGroup;
			children = (
				185ADD181A5E6F71000465B5 /* FMDatabaseAdditions.h */,
				185ADD191A5E6F71000465B5 /* FMDatabaseAdditions.m */,
				185ADD1A1A5E6F71000465B5 /* RYFMDatabase.h */,
				185ADD1B1A5E6F71000465B5 /* RYFMDatabase.m */,
				185ADD1C1A5E6F71000465B5 /* RYFMDatabasePool.h */,
				185ADD1D1A5E6F71000465B5 /* RYFMDatabasePool.m */,
				185ADD1E1A5E6F71000465B5 /* RYFMDatabaseQueue.h */,
				185ADD1F1A5E6F71000465B5 /* RYFMDatabaseQueue.m */,
				185ADD201A5E6F71000465B5 /* RYFMResultSet.h */,
				185ADD211A5E6F71000465B5 /* RYFMResultSet.m */,
			);
			path = fmdb;
			sourceTree = "<group>";
		};
		185ADD221A5E6F71000465B5 /* JSON */ = {
			isa = PBXGroup;
			children = (
				185ADD231A5E6F71000465B5 /* JSON.h */,
				185ADD241A5E6F71000465B5 /* NSObject+SBJSON.h */,
				185ADD251A5E6F71000465B5 /* NSObject+SBJSON.m */,
				185ADD261A5E6F71000465B5 /* NSString+SBJSON.h */,
				185ADD271A5E6F71000465B5 /* NSString+SBJSON.m */,
				185ADD281A5E6F71000465B5 /* RYSBJSON.h */,
				185ADD291A5E6F71000465B5 /* RYSBJSON.m */,
				185ADD2A1A5E6F71000465B5 /* RYSBJsonBase.h */,
				185ADD2B1A5E6F71000465B5 /* RYSBJsonBase.m */,
				185ADD2C1A5E6F71000465B5 /* RYSBJsonParser.h */,
				185ADD2D1A5E6F71000465B5 /* RYSBJsonParser.m */,
				185ADD2E1A5E6F71000465B5 /* RYSBJsonWriter.h */,
				185ADD2F1A5E6F71000465B5 /* RYSBJsonWriter.m */,
			);
			path = JSON;
			sourceTree = "<group>";
		};
		185ADD331A5E6F71000465B5 /* keychain */ = {
			isa = PBXGroup;
			children = (
				185ADD341A5E6F71000465B5 /* RYSSKeychain.h */,
				185ADD351A5E6F71000465B5 /* RYSSKeychain.m */,
			);
			path = keychain;
			sourceTree = "<group>";
		};
		185ADD361A5E6F71000465B5 /* openudid */ = {
			isa = PBXGroup;
			children = (
				185ADD371A5E6F71000465B5 /* OpenUDIDSDK.h */,
				185ADD381A5E6F71000465B5 /* OpenUDIDSDK.m */,
			);
			path = openudid;
			sourceTree = "<group>";
		};
		185ADD391A5E6F71000465B5 /* reachability */ = {
			isa = PBXGroup;
			children = (
				185ADD3A1A5E6F71000465B5 /* RYReachabilitysdk.h */,
				185ADD3B1A5E6F71000465B5 /* RYReachabilitysdk.m */,
			);
			path = reachability;
			sourceTree = "<group>";
		};
		C55EACD21A41A236008F2BCE = {
			isa = PBXGroup;
			children = (
				C55EACDD1A41A236008F2BCE /* ReYunChannel */,
				C55EACDC1A41A236008F2BCE /* Products */,
			);
			sourceTree = "<group>";
		};
		C55EACDC1A41A236008F2BCE /* Products */ = {
			isa = PBXGroup;
			children = (
				C55EACDB1A41A236008F2BCE /* libReYunChannel.a */,
			);
			name = Products;
			sourceTree = "<group>";
		};
		C55EACDD1A41A236008F2BCE /* ReYunChannel */ = {
			isa = PBXGroup;
			children = (
				185ADD131A5E6F71000465B5 /* RYlib */,
				C55EACDE1A41A236008F2BCE /* ReYunChannel.h */,
				C55EACE01A41A236008F2BCE /* ReYunChannel.m */,
				185F28931A4CF62900EE29B3 /* ChannelDataBase.h */,
				185F28941A4CF62900EE29B3 /* ChannelDataBase.m */,
			);
			path = ReYunChannel;
			sourceTree = "<group>";
		};
/* End PBXGroup section */

/* Begin PBXNativeTarget section */
		C55EACDA1A41A236008F2BCE /* ReYunChannel */ = {
			isa = PBXNativeTarget;
			buildConfigurationList = C55EACEF1A41A236008F2BCE /* Build configuration list for PBXNativeTarget "ReYunChannel" */;
			buildPhases = (
				C55EACD71A41A236008F2BCE /* Sources */,
				C55EACD81A41A236008F2BCE /* Frameworks */,
				C55EACD91A41A236008F2BCE /* CopyFiles */,
			);
			buildRules = (
			);
			dependencies = (
			);
			name = ReYunChannel;
			productName = ReYunChannel;
			productReference = C55EACDB1A41A236008F2BCE /* libReYunChannel.a */;
			productType = "com.apple.product-type.library.static";
		};
/* End PBXNativeTarget section */

/* Begin PBXProject section */
		C55EACD31A41A236008F2BCE /* Project object */ = {
			isa = PBXProject;
			attributes = {
				LastUpgradeCheck = 0610;
				ORGANIZATIONNAME = reyun;
				TargetAttributes = {
					C55EACDA1A41A236008F2BCE = {
						CreatedOnToolsVersion = 6.1.1;
					};
				};
			};
			buildConfigurationList = C55EACD61A41A236008F2BCE /* Build configuration list for PBXProject "ReYunChannel" */;
			compatibilityVersion = "Xcode 3.2";
			developmentRegion = English;
			hasScannedForEncodings = 0;
			knownRegions = (
				en,
			);
			mainGroup = C55EACD21A41A236008F2BCE;
			productRefGroup = C55EACDC1A41A236008F2BCE /* Products */;
			projectDirPath = "";
			projectRoot = "";
			targets = (
				C55EACDA1A41A236008F2BCE /* ReYunChannel */,
			);
		};
/* End PBXProject section */

/* Begin PBXSourcesBuildPhase section */
		C55EACD71A41A236008F2BCE /* Sources */ = {
			isa = PBXSourcesBuildPhase;
			buildActionMask = 2147483647;
			files = (
				185ADD471A5E6F71000465B5 /* RYSBJSON.m in Sources */,
				185ADD461A5E6F71000465B5 /* NSString+SBJSON.m in Sources */,
				185ADD421A5E6F71000465B5 /* RYFMDatabasePool.m in Sources */,
				185ADD431A5E6F71000465B5 /* RYFMDatabaseQueue.m in Sources */,
				185ADD4E1A5E6F71000465B5 /* RYReachabilitysdk.m in Sources */,
				185F28951A4CF62900EE29B3 /* ChannelDataBase.m in Sources */,
				185ADD441A5E6F71000465B5 /* RYFMResultSet.m in Sources */,
				185ADD4C1A5E6F71000465B5 /* RYSSKeychain.m in Sources */,
				185ADD4D1A5E6F71000465B5 /* OpenUDIDSDK.m in Sources */,
				185ADD491A5E6F71000465B5 /* RYSBJsonParser.m in Sources */,
				185ADD481A5E6F71000465B5 /* RYSBJsonBase.m in Sources */,
				185ADD451A5E6F71000465B5 /* NSObject+SBJSON.m in Sources */,
				185ADD411A5E6F71000465B5 /* RYFMDatabase.m in Sources */,
				185ADD4A1A5E6F71000465B5 /* RYSBJsonWriter.m in Sources */,
				C55EACE11A41A236008F2BCE /* ReYunChannel.m in Sources */,
				185ADD401A5E6F71000465B5 /* FMDatabaseAdditions.m in Sources */,
			);
			runOnlyForDeploymentPostprocessing = 0;
		};
/* End PBXSourcesBuildPhase section */

/* Begin XCBuildConfiguration section */
		C55EACED1A41A236008F2BCE /* Debug */ = {
			isa = XCBuildConfiguration;
			buildSettings = {
				ALWAYS_SEARCH_USER_PATHS = NO;
				CLANG_CXX_LANGUAGE_STANDARD = "gnu++0x";
				CLANG_CXX_LIBRARY = "libc++";
				CLANG_ENABLE_MODULES = YES;
				CLANG_ENABLE_OBJC_ARC = NO;
				CLANG_WARN_BOOL_CONVERSION = YES;
				CLANG_WARN_CONSTANT_CONVERSION = YES;
				CLANG_WARN_DIRECT_OBJC_ISA_USAGE = YES_ERROR;
				CLANG_WARN_EMPTY_BODY = YES;
				CLANG_WARN_ENUM_CONVERSION = YES;
				CLANG_WARN_INT_CONVERSION = YES;
				CLANG_WARN_OBJC_ROOT_CLASS = YES_ERROR;
				CLANG_WARN_UNREACHABLE_CODE = YES;
				CLANG_WARN__DUPLICATE_METHOD_MATCH = YES;
				COPY_PHASE_STRIP = NO;
				ENABLE_STRICT_OBJC_MSGSEND = YES;
				GCC_C_LANGUAGE_STANDARD = gnu99;
				GCC_DYNAMIC_NO_PIC = NO;
				GCC_OPTIMIZATION_LEVEL = 0;
				GCC_PREPROCESSOR_DEFINITIONS = (
					"DEBUG=1",
					"$(inherited)",
				);
				GCC_SYMBOLS_PRIVATE_EXTERN = NO;
				GCC_WARN_64_TO_32_BIT_CONVERSION = YES;
				GCC_WARN_ABOUT_RETURN_TYPE = YES_ERROR;
				GCC_WARN_UNDECLARED_SELECTOR = YES;
				GCC_WARN_UNINITIALIZED_AUTOS = YES_AGGRESSIVE;
				GCC_WARN_UNUSED_FUNCTION = YES;
				GCC_WARN_UNUSED_VARIABLE = YES;
				IPHONEOS_DEPLOYMENT_TARGET = 4.3;
				MTL_ENABLE_DEBUG_INFO = YES;
				ONLY_ACTIVE_ARCH = YES;
				SDKROOT = iphoneos;
			};
			name = Debug;
		};
		C55EACEE1A41A236008F2BCE /* Release */ = {
			isa = XCBuildConfiguration;
			buildSettings = {
				ALWAYS_SEARCH_USER_PATHS = NO;
				CLANG_CXX_LANGUAGE_STANDARD = "gnu++0x";
				CLANG_CXX_LIBRARY = "libc++";
				CLANG_ENABLE_MODULES = YES;
				CLANG_ENABLE_OBJC_ARC = NO;
				CLANG_WARN_BOOL_CONVERSION = YES;
				CLANG_WARN_CONSTANT_CONVERSION = YES;
				CLANG_WARN_DIRECT_OBJC_ISA_USAGE = YES_ERROR;
				CLANG_WARN_EMPTY_BODY = YES;
				CLANG_WARN_ENUM_CONVERSION = YES;
				CLANG_WARN_INT_CONVERSION = YES;
				CLANG_WARN_OBJC_ROOT_CLASS = YES_ERROR;
				CLANG_WARN_UNREACHABLE_CODE = YES;
				CLANG_WARN__DUPLICATE_METHOD_MATCH = YES;
				COPY_PHASE_STRIP = YES;
				ENABLE_NS_ASSERTIONS = NO;
				ENABLE_STRICT_OBJC_MSGSEND = YES;
				GCC_C_LANGUAGE_STANDARD = gnu99;
				GCC_WARN_64_TO_32_BIT_CONVERSION = YES;
				GCC_WARN_ABOUT_RETURN_TYPE = YES_ERROR;
				GCC_WARN_UNDECLARED_SELECTOR = YES;
				GCC_WARN_UNINITIALIZED_AUTOS = YES_AGGRESSIVE;
				GCC_WARN_UNUSED_FUNCTION = YES;
				GCC_WARN_UNUSED_VARIABLE = YES;
				IPHONEOS_DEPLOYMENT_TARGET = 4.3;
				MTL_ENABLE_DEBUG_INFO = NO;
				SDKROOT = iphoneos;
				VALIDATE_PRODUCT = YES;
			};
			name = Release;
		};
		C55EACF01A41A236008F2BCE /* Debug */ = {
			isa = XCBuildConfiguration;
			buildSettings = {
				OTHER_LDFLAGS = "-ObjC";
				PRODUCT_NAME = "$(TARGET_NAME)";
				SKIP_INSTALL = YES;
			};
			name = Debug;
		};
		C55EACF11A41A236008F2BCE /* Release */ = {
			isa = XCBuildConfiguration;
			buildSettings = {
				OTHER_LDFLAGS = "-ObjC";
				PRODUCT_NAME = "$(TARGET_NAME)";
				SKIP_INSTALL = YES;
			};
			name = Release;
		};
/* End XCBuildConfiguration section */

/* Begin XCConfigurationList section */
		C55EACD61A41A236008F2BCE /* Build configuration list for PBXProject "ReYunChannel" */ = {
			isa = XCConfigurationList;
			buildConfigurations = (
				C55EACED1A41A236008F2BCE /* Debug */,
				C55EACEE1A41A236008F2BCE /* Release */,
			);
			defaultConfigurationIsVisible = 0;
			defaultConfigurationName = Release;
		};
		C55EACEF1A41A236008F2BCE /* Build configuration list for PBXNativeTarget "ReYunChannel" */ = {
			isa = XCConfigurationList;
			buildConfigurations = (
				C55EACF01A41A236008F2BCE /* Debug */,
				C55EACF11A41A236008F2BCE /* Release */,
			);
			defaultConfigurationIsVisible = 0;
			defaultConfigurationName = Release;
		};
/* End XCConfigurationList section */
	};
	rootObject = C55EACD31A41A236008F2BCE /* Project object */;
}
